<?xml version="1.0" encoding="utf-8"?>
<Project ToolsVersion="4.0" xmlns="http://schemas.microsoft.com/developer/msbuild/2003">
  <ItemGroup>
    <Filter Include="리소스 파일">
      <UniqueIdentifier>{67DA6AB6-F800-4c08-8B7A-83BB121AAD01}</UniqueIdentifier>
      <Extensions>rc;ico;cur;bmp;dlg;rc2;rct;bin;rgs;gif;jpg;jpeg;jpe;resx;tiff;tif;png;wav;mfcribbon-ms</Extensions>
    </Filter>
    <Filter Include="소스파일">
      <UniqueIdentifier>{5d751860-04f6-478c-9dea-9e6c6c6af014}</UniqueIdentifier>
    </Filter>
    <Filter Include="헤더파일">
      <UniqueIdentifier>{221c14bd-c33e-4b96-8155-091880d85d1b}</UniqueIdentifier>
    </Filter>
    <Filter Include="헤더파일\Matrix">
      <UniqueIdentifier>{6cb7bdcc-b5f6-4436-afda-ace57d4fc2f6}</UniqueIdentifier>
    </Filter>
    <Filter Include="헤더파일\List">
      <UniqueIdentifier>{a886a8ab-2f71-4501-98c4-e35ee68af1be}</UniqueIdentifier>
    </Filter>
  </ItemGroup>
  <ItemGroup>
    <ClCompile Include="Chapter 11.cpp">
      <Filter>소스파일</Filter>
    </ClCompile>
  </ItemGroup>
  <ItemGroup>
    <ClInclude Include="AdjMatGraph.h">
      <Filter>헤더파일\Matrix</Filter>
    </ClInclude>
    <ClInclude Include="Node.h">
      <Filter>헤더파일\List</Filter>
    </ClInclude>
    <ClInclude Include="AdjListGraph.h">
      <Filter>헤더파일\List</Filter>
    </ClInclude>
    <ClInclude Include="SrchAMGraph.h">
      <Filter>헤더파일\Matrix</Filter>
    </ClInclude>
    <ClInclude Include="SrchAJGraph.h">
      <Filter>헤더파일\List</Filter>
    </ClInclude>
    <ClInclude Include="CircularQueue.h">
      <Filter>헤더파일</Filter>
    </ClInclude>
    <ClInclude Include="ConnectedComponentGraph.h">
      <Filter>헤더파일\Matrix</Filter>
    </ClInclude>
    <ClInclude Include="TopoSortGraph.h">
      <Filter>헤더파일\List</Filter>
    </ClInclude>
    <ClInclude Include="ArrayStack.h">
      <Filter>헤더파일\List</Filter>
    </ClInclude>
  </ItemGroup>
</Project>